Microsoft Visual Studio Solution File, Format Version 12.00
# Visual Studio Version 17
VisualStudioVersion = 17.0.32014.148
MinimumVisualStudioVersion = 10.0.40219.1
Project("{6EC3EE1D-3C4E-46DD-8F32-0CC8E7565705}") = "Dapper.FSharp", "src\Dapper.FSharp\Dapper.FSharp.fsproj", "{14E8D2C3-AAF2-4A0A-A8B8-B93E4437F2B3}"
EndProject
Project("{2150E333-8FDC-42A3-9474-1A3956D46DE8}") = "root", "root", "{5A23A2D6-CEC7-4A46-A516-42884F985173}"
	ProjectSection(SolutionItems) = preProject
		.editorconfig = .editorconfig
		.gitignore = .gitignore
		global.json = global.json
		LICENSE = LICENSE
		logo.png = logo.png
		README.md = README.md
		README_v2.md = README_v2.md
		README_v3.md = README_v3.md
	EndProjectSection
EndProject
Project("{2150E333-8FDC-42A3-9474-1A3956D46DE8}") = "src", "src", "{66645B7B-81E6-409B-B1AE-71939EF5E977}"
EndProject
Project("{6EC3EE1D-3C4E-46DD-8F32-0CC8E7565705}") = "Dapper.FSharp.MySQL", "src\Dapper.FSharp.MySQL\Dapper.FSharp.MySQL.fsproj", "{426DE944-B2ED-4ECA-9462-23731081C849}"
EndProject
Project("{6EC3EE1D-3C4E-46DD-8F32-0CC8E7565705}") = "Dapper.FSharp.MSSQL", "src\Dapper.FSharp.MSSQL\Dapper.FSharp.MSSQL.fsproj", "{E01A7D2C-4858-4661-B6F7-3C7B6DA051E8}"
EndProject
Project("{6EC3EE1D-3C4E-46DD-8F32-0CC8E7565705}") = "Dapper.FSharp.PostgreSQL", "src\Dapper.FSharp.PostgreSQL\Dapper.FSharp.PostgreSQL.fsproj", "{53BF206D-C540-4C8E-90D2-B6365AE412ED}"
EndProject
Project("{6EC3EE1D-3C4E-46DD-8F32-0CC8E7565705}") = "Dapper.FSharp.SQLite", "src\Dapper.FSharp.SQLite\Dapper.FSharp.SQLite.fsproj", "{96514B72-74EF-4B44-AB85-E64AE3515BDF}"
EndProject
Project("{2150E333-8FDC-42A3-9474-1A3956D46DE8}") = "test", "test", "{880F21F0-9CD1-4B33-8C97-95F34AC2DD06}"
EndProject
Project("{9A19103F-16F7-4668-BE54-9A1E7A4F7556}") = "CancellationTests", "test\CancellationTests\CancellationTests.csproj", "{B2644F7C-B955-4EBE-8C1B-1CD1B1D32BF2}"
EndProject
Project("{6EC3EE1D-3C4E-46DD-8F32-0CC8E7565705}") = "Dapper.FSharp.Testing", "test\Dapper.FSharp.Testing\Dapper.FSharp.Testing.fsproj", "{58F727A1-B9A9-4D7D-B491-BDDA6D5B7667}"
EndProject
Project("{F2A71F9B-5D33-465A-A702-920D77279786}") = "Dapper.FSharp.MSSQL.Tests", "test\Dapper.FSharp.MSSQL.Tests\Dapper.FSharp.MSSQL.Tests.fsproj", "{58773B0D-33CA-416F-B094-62D7054497BA}"
EndProject
Project("{F2A71F9B-5D33-465A-A702-920D77279786}") = "Dapper.FSharp.PostgreSQL.Tests", "test\Dapper.FSharp.PostgreSQL.Tests\Dapper.FSharp.PostgreSQL.Tests.fsproj", "{77F46EA6-4F4D-4F70-8759-B0C2133DDDBE}"
EndProject
Project("{2150E333-8FDC-42A3-9474-1A3956D46DE8}") = ".github", ".github", "{FEA18BFA-1DAF-4B0F-AAFE-ECDC2D9E9C65}"
EndProject
Project("{2150E333-8FDC-42A3-9474-1A3956D46DE8}") = "workflows", "workflows", "{08D97992-FC42-448F-9F6D-615DE7BE4803}"
	ProjectSection(SolutionItems) = preProject
		.github\workflows\publisher.yml = .github\workflows\publisher.yml
		.github\workflows\testing.yml = .github\workflows\testing.yml
	EndProjectSection
EndProject
Project("{6EC3EE1D-3C4E-46DD-8F32-0CC8E7565705}") = "Dapper.FSharp.MySQL.UnitTests", "test\Dapper.FSharp.MySQL.UnitTests\Dapper.FSharp.MySQL.UnitTests.fsproj", "{F5A8A530-58A5-4DC1-98DD-E1BBB268496D}"
EndProject
Project("{6EC3EE1D-3C4E-46DD-8F32-0CC8E7565705}") = "Dapper.FSharp.MySQL.IntegrationTests", "test\Dapper.FSharp.MySQL.IntegrationTests\Dapper.FSharp.MySQL.IntegrationTests.fsproj", "{D10C5FA8-E762-47A7-8EDE-1C54C479A248}"
EndProject
Project("{6EC3EE1D-3C4E-46DD-8F32-0CC8E7565705}") = "Dapper.FSharp.SQLite.IntegrationTests", "test\Dapper.FSharp.SQLite.IntegrationTests\Dapper.FSharp.SQLite.IntegrationTests.fsproj", "{89BAA70F-F540-4C1E-9341-A411B12CF370}"
EndProject
Project("{2150E333-8FDC-42A3-9474-1A3956D46DE8}") = "MySQL", "MySQL", "{930FA068-45FB-4CE5-8584-8C74BC3DE553}"
EndProject
Project("{2150E333-8FDC-42A3-9474-1A3956D46DE8}") = "Common", "Common", "{F7C17F2B-7E21-4E1D-ABA0-FF7E07F1418B}"
EndProject
Project("{2150E333-8FDC-42A3-9474-1A3956D46DE8}") = "SQLite", "SQLite", "{C2D4DFE8-0339-4F5E-827D-10E845EA48E0}"
EndProject
Global
	GlobalSection(SolutionConfigurationPlatforms) = preSolution
		Debug|Any CPU = Debug|Any CPU
		Release|Any CPU = Release|Any CPU
	EndGlobalSection
	GlobalSection(ProjectConfigurationPlatforms) = postSolution
		{14E8D2C3-AAF2-4A0A-A8B8-B93E4437F2B3}.Debug|Any CPU.ActiveCfg = Debug|Any CPU
		{14E8D2C3-AAF2-4A0A-A8B8-B93E4437F2B3}.Debug|Any CPU.Build.0 = Debug|Any CPU
		{14E8D2C3-AAF2-4A0A-A8B8-B93E4437F2B3}.Release|Any CPU.ActiveCfg = Release|Any CPU
		{14E8D2C3-AAF2-4A0A-A8B8-B93E4437F2B3}.Release|Any CPU.Build.0 = Release|Any CPU
		{426DE944-B2ED-4ECA-9462-23731081C849}.Debug|Any CPU.ActiveCfg = Debug|Any CPU
		{426DE944-B2ED-4ECA-9462-23731081C849}.Debug|Any CPU.Build.0 = Debug|Any CPU
		{426DE944-B2ED-4ECA-9462-23731081C849}.Release|Any CPU.ActiveCfg = Release|Any CPU
		{426DE944-B2ED-4ECA-9462-23731081C849}.Release|Any CPU.Build.0 = Release|Any CPU
		{89BAA70F-F540-4C1E-9341-A411B12CF370}.Debug|Any CPU.ActiveCfg = Debug|Any CPU
		{89BAA70F-F540-4C1E-9341-A411B12CF370}.Debug|Any CPU.Build.0 = Debug|Any CPU
		{89BAA70F-F540-4C1E-9341-A411B12CF370}.Release|Any CPU.ActiveCfg = Release|Any CPU
		{89BAA70F-F540-4C1E-9341-A411B12CF370}.Release|Any CPU.Build.0 = Release|Any CPU
		{E01A7D2C-4858-4661-B6F7-3C7B6DA051E8}.Debug|Any CPU.ActiveCfg = Debug|Any CPU
		{E01A7D2C-4858-4661-B6F7-3C7B6DA051E8}.Debug|Any CPU.Build.0 = Debug|Any CPU
		{E01A7D2C-4858-4661-B6F7-3C7B6DA051E8}.Release|Any CPU.ActiveCfg = Release|Any CPU
		{E01A7D2C-4858-4661-B6F7-3C7B6DA051E8}.Release|Any CPU.Build.0 = Release|Any CPU
		{53BF206D-C540-4C8E-90D2-B6365AE412ED}.Debug|Any CPU.ActiveCfg = Debug|Any CPU
		{53BF206D-C540-4C8E-90D2-B6365AE412ED}.Debug|Any CPU.Build.0 = Debug|Any CPU
		{53BF206D-C540-4C8E-90D2-B6365AE412ED}.Release|Any CPU.ActiveCfg = Release|Any CPU
		{53BF206D-C540-4C8E-90D2-B6365AE412ED}.Release|Any CPU.Build.0 = Release|Any CPU
		{96514B72-74EF-4B44-AB85-E64AE3515BDF}.Debug|Any CPU.ActiveCfg = Debug|Any CPU
		{96514B72-74EF-4B44-AB85-E64AE3515BDF}.Debug|Any CPU.Build.0 = Debug|Any CPU
		{96514B72-74EF-4B44-AB85-E64AE3515BDF}.Release|Any CPU.ActiveCfg = Release|Any CPU
		{96514B72-74EF-4B44-AB85-E64AE3515BDF}.Release|Any CPU.Build.0 = Release|Any CPU
		{B2644F7C-B955-4EBE-8C1B-1CD1B1D32BF2}.Debug|Any CPU.ActiveCfg = Debug|Any CPU
		{B2644F7C-B955-4EBE-8C1B-1CD1B1D32BF2}.Debug|Any CPU.Build.0 = Debug|Any CPU
		{B2644F7C-B955-4EBE-8C1B-1CD1B1D32BF2}.Release|Any CPU.ActiveCfg = Release|Any CPU
		{B2644F7C-B955-4EBE-8C1B-1CD1B1D32BF2}.Release|Any CPU.Build.0 = Release|Any CPU
		{58F727A1-B9A9-4D7D-B491-BDDA6D5B7667}.Debug|Any CPU.ActiveCfg = Debug|Any CPU
		{58F727A1-B9A9-4D7D-B491-BDDA6D5B7667}.Debug|Any CPU.Build.0 = Debug|Any CPU
		{58F727A1-B9A9-4D7D-B491-BDDA6D5B7667}.Release|Any CPU.ActiveCfg = Release|Any CPU
		{58F727A1-B9A9-4D7D-B491-BDDA6D5B7667}.Release|Any CPU.Build.0 = Release|Any CPU
		{58773B0D-33CA-416F-B094-62D7054497BA}.Debug|Any CPU.ActiveCfg = Debug|Any CPU
		{58773B0D-33CA-416F-B094-62D7054497BA}.Debug|Any CPU.Build.0 = Debug|Any CPU
		{58773B0D-33CA-416F-B094-62D7054497BA}.Release|Any CPU.ActiveCfg = Release|Any CPU
		{58773B0D-33CA-416F-B094-62D7054497BA}.Release|Any CPU.Build.0 = Release|Any CPU
		{77F46EA6-4F4D-4F70-8759-B0C2133DDDBE}.Debug|Any CPU.ActiveCfg = Debug|Any CPU
		{77F46EA6-4F4D-4F70-8759-B0C2133DDDBE}.Debug|Any CPU.Build.0 = Debug|Any CPU
		{77F46EA6-4F4D-4F70-8759-B0C2133DDDBE}.Release|Any CPU.ActiveCfg = Release|Any CPU
		{77F46EA6-4F4D-4F70-8759-B0C2133DDDBE}.Release|Any CPU.Build.0 = Release|Any CPU
		{F5A8A530-58A5-4DC1-98DD-E1BBB268496D}.Debug|Any CPU.ActiveCfg = Debug|Any CPU
		{F5A8A530-58A5-4DC1-98DD-E1BBB268496D}.Debug|Any CPU.Build.0 = Debug|Any CPU
		{F5A8A530-58A5-4DC1-98DD-E1BBB268496D}.Release|Any CPU.ActiveCfg = Release|Any CPU
		{F5A8A530-58A5-4DC1-98DD-E1BBB268496D}.Release|Any CPU.Build.0 = Release|Any CPU
		{D10C5FA8-E762-47A7-8EDE-1C54C479A248}.Debug|Any CPU.ActiveCfg = Debug|Any CPU
		{D10C5FA8-E762-47A7-8EDE-1C54C479A248}.Debug|Any CPU.Build.0 = Debug|Any CPU
		{D10C5FA8-E762-47A7-8EDE-1C54C479A248}.Release|Any CPU.ActiveCfg = Release|Any CPU
		{D10C5FA8-E762-47A7-8EDE-1C54C479A248}.Release|Any CPU.Build.0 = Release|Any CPU
	EndGlobalSection
	GlobalSection(SolutionProperties) = preSolution
		HideSolutionNode = FALSE
	EndGlobalSection
	GlobalSection(NestedProjects) = preSolution
		{14E8D2C3-AAF2-4A0A-A8B8-B93E4437F2B3} = {66645B7B-81E6-409B-B1AE-71939EF5E977}
		{426DE944-B2ED-4ECA-9462-23731081C849} = {66645B7B-81E6-409B-B1AE-71939EF5E977}
		{89BAA70F-F540-4C1E-9341-A411B12CF370} = {C2D4DFE8-0339-4F5E-827D-10E845EA48E0}
		{930FA068-45FB-4CE5-8584-8C74BC3DE553} = {880F21F0-9CD1-4B33-8C97-95F34AC2DD06}
		{C2D4DFE8-0339-4F5E-827D-10E845EA48E0} = {880F21F0-9CD1-4B33-8C97-95F34AC2DD06}
		{E01A7D2C-4858-4661-B6F7-3C7B6DA051E8} = {66645B7B-81E6-409B-B1AE-71939EF5E977}
		{53BF206D-C540-4C8E-90D2-B6365AE412ED} = {66645B7B-81E6-409B-B1AE-71939EF5E977}
		{96514B72-74EF-4B44-AB85-E64AE3515BDF} = {66645B7B-81E6-409B-B1AE-71939EF5E977}
		{B2644F7C-B955-4EBE-8C1B-1CD1B1D32BF2} = {930FA068-45FB-4CE5-8584-8C74BC3DE553}
		{58F727A1-B9A9-4D7D-B491-BDDA6D5B7667} = {F7C17F2B-7E21-4E1D-ABA0-FF7E07F1418B}
		{58773B0D-33CA-416F-B094-62D7054497BA} = {880F21F0-9CD1-4B33-8C97-95F34AC2DD06}
		{77F46EA6-4F4D-4F70-8759-B0C2133DDDBE} = {880F21F0-9CD1-4B33-8C97-95F34AC2DD06}
		{F7C17F2B-7E21-4E1D-ABA0-FF7E07F1418B} = {880F21F0-9CD1-4B33-8C97-95F34AC2DD06}
		{FEA18BFA-1DAF-4B0F-AAFE-ECDC2D9E9C65} = {5A23A2D6-CEC7-4A46-A516-42884F985173}
		{08D97992-FC42-448F-9F6D-615DE7BE4803} = {FEA18BFA-1DAF-4B0F-AAFE-ECDC2D9E9C65}
		{F5A8A530-58A5-4DC1-98DD-E1BBB268496D} = {930FA068-45FB-4CE5-8584-8C74BC3DE553}
		{D10C5FA8-E762-47A7-8EDE-1C54C479A248} = {930FA068-45FB-4CE5-8584-8C74BC3DE553}
	EndGlobalSection
	GlobalSection(ExtensibilityGlobals) = postSolution
		SolutionGuid = {4C19F1B9-4E23-46B5-BAB3-5ED0DDB1348C}
	EndGlobalSection
EndGlobal
